
Microsoft Visual Studio Solution File, Format Version 12.00
# Visual Studio Version 16
VisualStudioVersion = 16.0.30104.148
MinimumVisualStudioVersion = 10.0.40219.1
Project("{9A19103F-16F7-4668-BE54-9A1E7A4F7556}") = "GED", "GED\GED.csproj", "{22FED5A4-CA52-494B-AA12-DD8205C14654}"
EndProject
Project("{2150E333-8FDC-42A3-9474-1A3956D46DE8}") = "Solution Items", "Solution Items", "{21922187-C121-4F52-80D2-1E077C212FAC}"
	ProjectSection(SolutionItems) = preProject
		.editorconfig = .editorconfig
	EndProjectSection
EndProject
Global
	GlobalSection(SolutionConfigurationPlatforms) = preSolution
		Debug|Any CPU = Debug|Any CPU
		Release|Any CPU = Release|Any CPU
	EndGlobalSection
	GlobalSection(ProjectConfigurationPlatforms) = postSolution
		{22FED5A4-CA52-494B-AA12-DD8205C14654}.Debug|Any CPU.ActiveCfg = Debug|Any CPU
		{22FED5A4-CA52-494B-AA12-DD8205C14654}.Debug|Any CPU.Build.0 = Debug|Any CPU
		{22FED5A4-CA52-494B-AA12-DD8205C14654}.Release|Any CPU.ActiveCfg = Release|Any CPU
		{22FED5A4-CA52-494B-AA12-DD8205C14654}.Release|Any CPU.Build.0 = Release|Any CPU
	EndGlobalSection
	GlobalSection(SolutionProperties) = preSolution
		HideSolutionNode = FALSE
	EndGlobalSection
	GlobalSection(ExtensibilityGlobals) = postSolution
		SolutionGuid = {90008930-33C2-410D-BD94-B6365D76A11B}
	EndGlobalSection
EndGlobal
